
Microsoft Visual Studio Solution File, Format Version 12.00
# Visual Studio Version 17
VisualStudioVersion = 17.5.002.0
MinimumVisualStudioVersion = 10.0.40219.1
Project("{9A19103F-16F7-4668-BE54-9A1E7A4F7556}") = "Sem1_Task2", "Sem1_Task2.csproj", "{91F667A6-9141-42F4-B7A1-4C7B86F2BFBB}"
EndProject
Global
	GlobalSection(SolutionConfigurationPlatforms) = preSolution
		Debug|Any CPU = Debug|Any CPU
		Release|Any CPU = Release|Any CPU
	EndGlobalSection
	GlobalSection(ProjectConfigurationPlatforms) = postSolution
		{91F667A6-9141-42F4-B7A1-4C7B86F2BFBB}.Debug|Any CPU.ActiveCfg = Debug|Any CPU
		{91F667A6-9141-42F4-B7A1-4C7B86F2BFBB}.Debug|Any CPU.Build.0 = Debug|Any CPU
		{91F667A6-9141-42F4-B7A1-4C7B86F2BFBB}.Release|Any CPU.ActiveCfg = Release|Any CPU
		{91F667A6-9141-42F4-B7A1-4C7B86F2BFBB}.Release|Any CPU.Build.0 = Release|Any CPU
	EndGlobalSection
	GlobalSection(SolutionProperties) = preSolution
		HideSolutionNode = FALSE
	EndGlobalSection
	GlobalSection(ExtensibilityGlobals) = postSolution
		SolutionGuid = {0B5E2AF6-4CC4-4192-B9F3-1AC3400AA082}
	EndGlobalSection
EndGlobal
